// !$*UTF8*$!
{
	archiveVersion = 1;
	classes = {
	};
	objectVersion = 48;
	objects = {

/* Begin PBXBuildFile section */
		87F7B1882082D27F00A0E3DD /* AppDelegate.m in Sources */ = {isa = PBXBuildFile; fileRef = 87F7B1872082D27F00A0E3DD /* AppDelegate.m */; };
		87F7B18B2082D27F00A0E3DD /* ViewController.m in Sources */ = {isa = PBXBuildFile; fileRef = 87F7B18A2082D27F00A0E3DD /* ViewController.m */; };
		87F7B18E2082D27F00A0E3DD /* Main.storyboard in Resources */ = {isa = PBXBuildFile; fileRef = 87F7B18C2082D27F00A0E3DD /* Main.storyboard */; };
		87F7B1902082D27F00A0E3DD /* Assets.xcassets in Resources */ = {isa = PBXBuildFile; fileRef = 87F7B18F2082D27F00A0E3DD /* Assets.xcassets */; };
		87F7B1932082D27F00A0E3DD /* LaunchScreen.storyboard in Resources */ = {isa = PBXBuildFile; fileRef = 87F7B1912082D27F00A0E3DD /* LaunchScreen.storyboard */; };
		87F7B1962082D27F00A0E3DD /* main.m in Sources */ = {isa = PBXBuildFile; fileRef = 87F7B1952082D27F00A0E3DD /* main.m */; };
		87F7B1A02082D27F00A0E3DD /* NameListTests.m in Sources */ = {isa = PBXBuildFile; fileRef = 87F7B19F2082D27F00A0E3DD /* NameListTests.m */; };
		87F7B1AB2082D27F00A0E3DD /* NameListUITests.m in Sources */ = {isa = PBXBuildFile; fileRef = 87F7B1AA2082D27F00A0E3DD /* NameListUITests.m */; };
/* End PBXBuildFile section */

/* Begin PBXContainerItemProxy section */
		87F7B19C2082D27F00A0E3DD /* PBXContainerItemProxy */ = {
			isa = PBXContainerItemProxy;
			containerPortal = 87F7B17B2082D27E00A0E3DD /* Project object */;
			proxyType = 1;
			remoteGlobalIDString = 87F7B1822082D27E00A0E3DD;
			remoteInfo = NameList;
		};
		87F7B1A72082D27F00A0E3DD /* PBXContainerItemProxy */ = {
			isa = PBXContainerItemProxy;
			containerPortal = 87F7B17B2082D27E00A0E3DD /* Project object */;
			proxyType = 1;
			remoteGlobalIDString = 87F7B1822082D27E00A0E3DD;
			remoteInfo = NameList;
		};
/* End PBXContainerItemProxy section */

/* Begin PBXFileReference section */
		87F7B1832082D27E00A0E3DD /* NameList.app */ = {isa = PBXFileReference; explicitFileType = wrapper.application; includeInIndex = 0; path = NameList.app; sourceTree = BUILT_PRODUCTS_DIR; };
		87F7B1862082D27F00A0E3DD /* AppDelegate.h */ = {isa = PBXFileReference; lastKnownFileType = sourcecode.c.h; path = AppDelegate.h; sourceTree = "<group>"; };
		87F7B1872082D27F00A0E3DD /* AppDelegate.m */ = {isa = PBXFileReference; lastKnownFileType = sourcecode.c.objc; path = AppDelegate.m; sourceTree = "<group>"; };
		87F7B1892082D27F00A0E3DD /* ViewController.h */ = {isa = PBXFileReference; lastKnownFileType = sourcecode.c.h; path = ViewController.h; sourceTree = "<group>"; };
		87F7B18A2082D27F00A0E3DD /* ViewController.m */ = {isa = PBXFileReference; lastKnownFileType = sourcecode.c.objc; path = ViewController.m; sourceTree = "<group>"; };
		87F7B18D2082D27F00A0E3DD /* Base */ = {isa = PBXFileReference; lastKnownFileType = file.storyboard; name = Base; path = Base.lproj/Main.storyboard; sourceTree = "<group>"; };
		87F7B18F2082D27F00A0E3DD /* Assets.xcassets */ = {isa = PBXFileReference; lastKnownFileType = folder.assetcatalog; path = Assets.xcassets; sourceTree = "<group>"; };
		87F7B1922082D27F00A0E3DD /* Base */ = {isa = PBXFileReference; lastKnownFileType = file.storyboard; name = Base; path = Base.lproj/LaunchScreen.storyboard; sourceTree = "<group>"; };
		87F7B1942082D27F00A0E3DD /* Info.plist */ = {isa = PBXFileReference; lastKnownFileType = text.plist.xml; path = Info.plist; sourceTree = "<group>"; };
		87F7B1952082D27F00A0E3DD /* main.m */ = {isa = PBXFileReference; lastKnownFileType = sourcecode.c.objc; path = main.m; sourceTree = "<group>"; };
		87F7B19B2082D27F00A0E3DD /* NameListTests.xctest */ = {isa = PBXFileReference; explicitFileType = wrapper.cfbundle; includeInIndex = 0; path = NameListTests.xctest; sourceTree = BUILT_PRODUCTS_DIR; };
		87F7B19F2082D27F00A0E3DD /* NameListTests.m */ = {isa = PBXFileReference; lastKnownFileType = sourcecode.c.objc; path = NameListTests.m; sourceTree = "<group>"; };
		87F7B1A12082D27F00A0E3DD /* Info.plist */ = {isa = PBXFileReference; lastKnownFileType = text.plist.xml; path = Info.plist; sourceTree = "<group>"; };
		87F7B1A62082D27F00A0E3DD /* NameListUITests.xctest */ = {isa = PBXFileReference; explicitFileType = wrapper.cfbundle; includeInIndex = 0; path = NameListUITests.xctest; sourceTree = BUILT_PRODUCTS_DIR; };
		87F7B1AA2082D27F00A0E3DD /* NameListUITests.m */ = {isa = PBXFileReference; lastKnownFileType = sourcecode.c.objc; path = NameListUITests.m; sourceTree = "<group>"; };
		87F7B1AC2082D27F00A0E3DD /* Info.plist */ = {isa = PBXFileReference; lastKnownFileType = text.plist.xml; path = Info.plist; sourceTree = "<group>"; };
/* End PBXFileReference section */

/* Begin PBXFrameworksBuildPhase section */
		87F7B1802082D27E00A0E3DD /* Frameworks */ = {
			isa = PBXFrameworksBuildPhase;
			buildActionMask = 2147483647;
			files = (
			);
			runOnlyForDeploymentPostprocessing = 0;
		};
		87F7B1982082D27F00A0E3DD /* Frameworks */ = {
			isa = PBXFrameworksBuildPhase;
			buildActionMask = 2147483647;
			files = (
			);
			runOnlyForDeploymentPostprocessing = 0;
		};
		87F7B1A32082D27F00A0E3DD /* Frameworks */ = {
			isa = PBXFrameworksBuildPhase;
			buildActionMask = 2147483647;
			files = (
			);
			runOnlyForDeploymentPostprocessing = 0;
		};
/* End PBXFrameworksBuildPhase section */

/* Begin PBXGroup section */
		87F7B17A2082D27E00A0E3DD = {
			isa = PBXGroup;
			children = (
				87F7B1852082D27E00A0E3DD /* NameList */,
				87F7B19E2082D27F00A0E3DD /* NameListTests */,
				87F7B1A92082D27F00A0E3DD /* NameListUITests */,
				87F7B1842082D27E00A0E3DD /* Products */,
			);
			sourceTree = "<group>";
		};
		87F7B1842082D27E00A0E3DD /* Products */ = {
			isa = PBXGroup;
			children = (
				87F7B1832082D27E00A0E3DD /* NameList.app */,
				87F7B19B2082D27F00A0E3DD /* NameListTests.xctest */,
				87F7B1A62082D27F00A0E3DD /* NameListUITests.xctest */,
			);
			name = Products;
			sourceTree = "<group>";
		};
		87F7B1852082D27E00A0E3DD /* NameList */ = {
			isa = PBXGroup;
			children = (
				87F7B1862082D27F00A0E3DD /* AppDelegate.h */,
				87F7B1872082D27F00A0E3DD /* AppDelegate.m */,
				87F7B1892082D27F00A0E3DD /* ViewController.h */,
				87F7B18A2082D27F00A0E3DD /* ViewController.m */,
				87F7B18C2082D27F00A0E3DD /* Main.storyboard */,
				87F7B18F2082D27F00A0E3DD /* Assets.xcassets */,
				87F7B1912082D27F00A0E3DD /* LaunchScreen.storyboard */,
				87F7B1942082D27F00A0E3DD /* Info.plist */,
				87F7B1952082D27F00A0E3DD /* main.m */,
			);
			path = NameList;
			sourceTree = "<group>";
		};
		87F7B19E2082D27F00A0E3DD /* NameListTests */ = {
			isa = PBXGroup;
			children = (
				87F7B19F2082D27F00A0E3DD /* NameListTests.m */,
				87F7B1A12082D27F00A0E3DD /* Info.plist */,
			);
			path = NameListTests;
			sourceTree = "<group>";
		};
		87F7B1A92082D27F00A0E3DD /* NameListUITests */ = {
			isa = PBXGroup;
			children = (
				87F7B1AA2082D27F00A0E3DD /* NameListUITests.m */,
				87F7B1AC2082D27F00A0E3DD /* Info.plist */,
			);
			path = NameListUITests;
			sourceTree = "<group>";
		};
/* End PBXGroup section */

/* Begin PBXNativeTarget section */
		87F7B1822082D27E00A0E3DD /* NameList */ = {
			isa = PBXNativeTarget;
			buildConfigurationList = 87F7B1AF2082D27F00A0E3DD /* Build configuration list for PBXNativeTarget "NameList" */;
			buildPhases = (
				87F7B17F2082D27E00A0E3DD /* Sources */,
				87F7B1802082D27E00A0E3DD /* Frameworks */,
				87F7B1812082D27E00A0E3DD /* Resources */,
			);
			buildRules = (
			);
			dependencies = (
			);
			name = NameList;
			productName = NameList;
			productReference = 87F7B1832082D27E00A0E3DD /* NameList.app */;
			productType = "com.apple.product-type.application";
		};
		87F7B19A2082D27F00A0E3DD /* NameListTests */ = {
			isa = PBXNativeTarget;
			buildConfigurationList = 87F7B1B22082D27F00A0E3DD /* Build configuration list for PBXNativeTarget "NameListTests" */;
			buildPhases = (
				87F7B1972082D27F00A0E3DD /* Sources */,
				87F7B1982082D27F00A0E3DD /* Frameworks */,
				87F7B1992082D27F00A0E3DD /* Resources */,
			);
			buildRules = (
			);
			dependencies = (
				87F7B19D2082D27F00A0E3DD /* PBXTargetDependency */,
			);
			name = NameListTests;
			productName = NameListTests;
			productReference = 87F7B19B2082D27F00A0E3DD /* NameListTests.xctest */;
			productType = "com.apple.product-type.bundle.unit-test";
		};
		87F7B1A52082D27F00A0E3DD /* NameListUITests */ = {
			isa = PBXNativeTarget;
			buildConfigurationList = 87F7B1B52082D27F00A0E3DD /* Build configuration list for PBXNativeTarget "NameListUITests" */;
			buildPhases = (
				87F7B1A22082D27F00A0E3DD /* Sources */,
				87F7B1A32082D27F00A0E3DD /* Frameworks */,
				87F7B1A42082D27F00A0E3DD /* Resources */,
			);
			buildRules = (
			);
			dependencies = (
				87F7B1A82082D27F00A0E3DD /* PBXTargetDependency */,
			);
			name = NameListUITests;
			productName = NameListUITests;
			productReference = 87F7B1A62082D27F00A0E3DD /* NameListUITests.xctest */;
			productType = "com.apple.product-type.bundle.ui-testing";
		};
/* End PBXNativeTarget section */

/* Begin PBXProject section */
		87F7B17B2082D27E00A0E3DD /* Project object */ = {
			isa = PBXProject;
			attributes = {
				LastUpgradeCheck = 0920;
				ORGANIZATIONNAME = fhc;
				TargetAttributes = {
					87F7B1822082D27E00A0E3DD = {
						CreatedOnToolsVersion = 9.2;
						ProvisioningStyle = Automatic;
					};
					87F7B19A2082D27F00A0E3DD = {
						CreatedOnToolsVersion = 9.2;
						ProvisioningStyle = Automatic;
						TestTargetID = 87F7B1822082D27E00A0E3DD;
					};
					87F7B1A52082D27F00A0E3DD = {
						CreatedOnToolsVersion = 9.2;
						ProvisioningStyle = Automatic;
						TestTargetID = 87F7B1822082D27E00A0E3DD;
					};
				};
			};
			buildConfigurationList = 87F7B17E2082D27E00A0E3DD /* Build configuration list for PBXProject "NameList" */;
			compatibilityVersion = "Xcode 8.0";
			developmentRegion = en;
			hasScannedForEncodings = 0;
			knownRegions = (
				en,
				Base,
			);
			mainGroup = 87F7B17A2082D27E00A0E3DD;
			productRefGroup = 87F7B1842082D27E00A0E3DD /* Products */;
			projectDirPath = "";
			projectRoot = "";
			targets = (
				87F7B1822082D27E00A0E3DD /* NameList */,
				87F7B19A2082D27F00A0E3DD /* NameListTests */,
				87F7B1A52082D27F00A0E3DD /* NameListUITests */,
			);
		};
/* End PBXProject section */

/* Begin PBXResourcesBuildPhase section */
		87F7B1812082D27E00A0E3DD /* Resources */ = {
			isa = PBXResourcesBuildPhase;
			buildActionMask = 2147483647;
			files = (
				87F7B1932082D27F00A0E3DD /* LaunchScreen.storyboard in Resources */,
				87F7B1902082D27F00A0E3DD /* Assets.xcassets in Resources */,
				87F7B18E2082D27F00A0E3DD /* Main.storyboard in Resources */,
			);
			runOnlyForDeploymentPostprocessing = 0;
		};
		87F7B1992082D27F00A0E3DD /* Resources */ = {
			isa = PBXResourcesBuildPhase;
			buildActionMask = 2147483647;
			files = (
			);
			runOnlyForDeploymentPostprocessing = 0;
		};
		87F7B1A42082D27F00A0E3DD /* Resources */ = {
			isa = PBXResourcesBuildPhase;
			buildActionMask = 2147483647;
			files = (
			);
			runOnlyForDeploymentPostprocessing = 0;
		};
/* End PBXResourcesBuildPhase section */

/* Begin PBXSourcesBuildPhase section */
		87F7B17F2082D27E00A0E3DD /* Sources */ = {
			isa = PBXSourcesBuildPhase;
			buildActionMask = 2147483647;
			files = (
				87F7B18B2082D27F00A0E3DD /* ViewController.m in Sources */,
				87F7B1962082D27F00A0E3DD /* main.m in Sources */,
				87F7B1882082D27F00A0E3DD /* AppDelegate.m in Sources */,
			);
			runOnlyForDeploymentPostprocessing = 0;
		};
		87F7B1972082D27F00A0E3DD /* Sources */ = {
			isa = PBXSourcesBuildPhase;
			buildActionMask = 2147483647;
			files = (
				87F7B1A02082D27F00A0E3DD /* NameListTests.m in Sources */,
			);
			runOnlyForDeploymentPostprocessing = 0;
		};
		87F7B1A22082D27F00A0E3DD /* Sources */ = {
			isa = PBXSourcesBuildPhase;
			buildActionMask = 2147483647;
			files = (
				87F7B1AB2082D27F00A0E3DD /* NameListUITests.m in Sources */,
			);
			runOnlyForDeploymentPostprocessing = 0;
		};
/* End PBXSourcesBuildPhase section */

/* Begin PBXTargetDependency section */
		87F7B19D2082D27F00A0E3DD /* PBXTargetDependency */ = {
			isa = PBXTargetDependency;
			target = 87F7B1822082D27E00A0E3DD /* NameList */;
			targetProxy = 87F7B19C2082D27F00A0E3DD /* PBXContainerItemProxy */;
		};
		87F7B1A82082D27F00A0E3DD /* PBXTargetDependency */ = {
			isa = PBXTargetDependency;
			target = 87F7B1822082D27E00A0E3DD /* NameList */;
			targetProxy = 87F7B1A72082D27F00A0E3DD /* PBXContainerItemProxy */;
		};
/* End PBXTargetDependency section */

/* Begin PBXVariantGroup section */
		87F7B18C2082D27F00A0E3DD /* Main.storyboard */ = {
			isa = PBXVariantGroup;
			children = (
				87F7B18D2082D27F00A0E3DD /* Base */,
			);
			name = Main.storyboard;
			sourceTree = "<group>";
		};
		87F7B1912082D27F00A0E3DD /* LaunchScreen.storyboard */ = {
			isa = PBXVariantGroup;
			children = (
				87F7B1922082D27F00A0E3DD /* Base */,
			);
			name = LaunchScreen.storyboard;
			sourceTree = "<group>";
		};
/* End PBXVariantGroup section */

/* Begin XCBuildConfiguration section */
		87F7B1AD2082D27F00A0E3DD /* Debug */ = {
			isa = XCBuildConfiguration;
			buildSettings = {
				ALWAYS_SEARCH_USER_PATHS = NO;
				CLANG_ANALYZER_NONNULL = YES;
				CLANG_ANALYZER_NUMBER_OBJECT_CONVERSION = YES_AGGRESSIVE;
				CLANG_CXX_LANGUAGE_STANDARD = "gnu++14";
				CLANG_CXX_LIBRARY = "libc++";
				CLANG_ENABLE_MODULES = YES;
				CLANG_ENABLE_OBJC_ARC = YES;
				CLANG_WARN_BLOCK_CAPTURE_AUTORELEASING = YES;
				CLANG_WARN_BOOL_CONVERSION = YES;
				CLANG_WARN_COMMA = YES;
				CLANG_WARN_CONSTANT_CONVERSION = YES;
				CLANG_WARN_DIRECT_OBJC_ISA_USAGE = YES_ERROR;
				CLANG_WARN_DOCUMENTATION_COMMENTS = YES;
				CLANG_WARN_EMPTY_BODY = YES;
				CLANG_WARN_ENUM_CONVERSION = YES;
				CLANG_WARN_INFINITE_RECURSION = YES;
				CLANG_WARN_INT_CONVERSION = YES;
				CLANG_WARN_NON_LITERAL_NULL_CONVERSION = YES;
				CLANG_WARN_OBJC_LITERAL_CONVERSION = YES;
				CLANG_WARN_OBJC_ROOT_CLASS = YES_ERROR;
				CLANG_WARN_RANGE_LOOP_ANALYSIS = YES;
				CLANG_WARN_STRICT_PROTOTYPES = YES;
				CLANG_WARN_SUSPICIOUS_MOVE = YES;
				CLANG_WARN_UNGUARDED_AVAILABILITY = YES_AGGRESSIVE;
				CLANG_WARN_UNREACHABLE_CODE = YES;
				CLANG_WARN__DUPLICATE_METHOD_MATCH = YES;
				CODE_SIGN_IDENTITY = "iPhone Developer";
				COPY_PHASE_STRIP = NO;
				DEBUG_INFORMATION_FORMAT = dwarf;
				ENABLE_STRICT_OBJC_MSGSEND = YES;
				ENABLE_TESTABILITY = YES;
				GCC_C_LANGUAGE_STANDARD = gnu11;
				GCC_DYNAMIC_NO_PIC = NO;
				GCC_NO_COMMON_BLOCKS = YES;
				GCC_OPTIMIZATION_LEVEL = 0;
				GCC_PREPROCESSOR_DEFINITIONS = (
					"DEBUG=1",
					"$(inherited)",
				);
				GCC_WARN_64_TO_32_BIT_CONVERSION = YES;
				GCC_WARN_ABOUT_RETURN_TYPE = YES_ERROR;
				GCC_WARN_UNDECLARED_SELECTOR = YES;
				GCC_WARN_UNINITIALIZED_AUTOS = YES_AGGRESSIVE;
				GCC_WARN_UNUSED_FUNCTION = YES;
				GCC_WARN_UNUSED_VARIABLE = YES;
				IPHONEOS_DEPLOYMENT_TARGET = 11.2;
				MTL_ENABLE_DEBUG_INFO = YES;
				ONLY_ACTIVE_ARCH = YES;
				SDKROOT = iphoneos;
			};
			name = Debug;
		};
		87F7B1AE2082D27F00A0E3DD /* Release */ = {
			isa = XCBuildConfiguration;
			buildSettings = {
				ALWAYS_SEARCH_USER_PATHS = NO;
				CLANG_ANALYZER_NONNULL = YES;
				CLANG_ANALYZER_NUMBER_OBJECT_CONVERSION = YES_AGGRESSIVE;
				CLANG_CXX_LANGUAGE_STANDARD = "gnu++14";
				CLANG_CXX_LIBRARY = "libc++";
				CLANG_ENABLE_MODULES = YES;
				CLANG_ENABLE_OBJC_ARC = YES;
				CLANG_WARN_BLOCK_CAPTURE_AUTORELEASING = YES;
				CLANG_WARN_BOOL_CONVERSION = YES;
				CLANG_WARN_COMMA = YES;
				CLANG_WARN_CONSTANT_CONVERSION = YES;
				CLANG_WARN_DIRECT_OBJC_ISA_USAGE = YES_ERROR;
				CLANG_WARN_DOCUMENTATION_COMMENTS = YES;
				CLANG_WARN_EMPTY_BODY = YES;
				CLANG_WARN_ENUM_CONVERSION = YES;
				CLANG_WARN_INFINITE_RECURSION = YES;
				CLANG_WARN_INT_CONVERSION = YES;
				CLANG_WARN_NON_LITERAL_NULL_CONVERSION = YES;
				CLANG_WARN_OBJC_LITERAL_CONVERSION = YES;
				CLANG_WARN_OBJC_ROOT_CLASS = YES_ERROR;
				CLANG_WARN_RANGE_LOOP_ANALYSIS = YES;
				CLANG_WARN_STRICT_PROTOTYPES = YES;
				CLANG_WARN_SUSPICIOUS_MOVE = YES;
				CLANG_WARN_UNGUARDED_AVAILABILITY = YES_AGGRESSIVE;
				CLANG_WARN_UNREACHABLE_CODE = YES;
				CLANG_WARN__DUPLICATE_METHOD_MATCH = YES;
				CODE_SIGN_IDENTITY = "iPhone Developer";
				COPY_PHASE_STRIP = NO;
				DEBUG_INFORMATION_FORMAT = "dwarf-with-dsym";
				ENABLE_NS_ASSERTIONS = NO;
				ENABLE_STRICT_OBJC_MSGSEND = YES;
				GCC_C_LANGUAGE_STANDARD = gnu11;
				GCC_NO_COMMON_BLOCKS = YES;
				GCC_WARN_64_TO_32_BIT_CONVERSION = YES;
				GCC_WARN_ABOUT_RETURN_TYPE = YES_ERROR;
				GCC_WARN_UNDECLARED_SELECTOR = YES;
				GCC_WARN_UNINITIALIZED_AUTOS = YES_AGGRESSIVE;
				GCC_WARN_UNUSED_FUNCTION = YES;
				GCC_WARN_UNUSED_VARIABLE = YES;
				IPHONEOS_DEPLOYMENT_TARGET = 11.2;
				MTL_ENABLE_DEBUG_INFO = NO;
				SDKROOT = iphoneos;
				VALIDATE_PRODUCT = YES;
			};
			name = Release;
		};
		87F7B1B02082D27F00A0E3DD /* Debug */ = {
			isa = XCBuildConfiguration;
			buildSettings = {
				ASSETCATALOG_COMPILER_APPICON_NAME = AppIcon;
				CODE_SIGN_STYLE = Automatic;
				INFOPLIST_FILE = NameList/Info.plist;
				LD_RUNPATH_SEARCH_PATHS = "$(inherited) @executable_path/Frameworks";
				PRODUCT_BUNDLE_IDENTIFIER = fhc.NameList;
				PRODUCT_NAME = "$(TARGET_NAME)";
				TARGETED_DEVICE_FAMILY = "1,2";
			};
			name = Debug;
		};
		87F7B1B12082D27F00A0E3DD /* Release */ = {
			isa = XCBuildConfiguration;
			buildSettings = {
				ASSETCATALOG_COMPILER_APPICON_NAME = AppIcon;
				CODE_SIGN_STYLE = Automatic;
				INFOPLIST_FILE = NameList/Info.plist;
				LD_RUNPATH_SEARCH_PATHS = "$(inherited) @executable_path/Frameworks";
				PRODUCT_BUNDLE_IDENTIFIER = fhc.NameList;
				PRODUCT_NAME = "$(TARGET_NAME)";
				TARGETED_DEVICE_FAMILY = "1,2";
			};
			name = Release;
		};
		87F7B1B32082D27F00A0E3DD /* Debug */ = {
			isa = XCBuildConfiguration;
			buildSettings = {
				BUNDLE_LOADER = "$(TEST_HOST)";
				CODE_SIGN_STYLE = Automatic;
				INFOPLIST_FILE = NameListTests/Info.plist;
				LD_RUNPATH_SEARCH_PATHS = "$(inherited) @executable_path/Frameworks @loader_path/Frameworks";
				PRODUCT_BUNDLE_IDENTIFIER = fhc.NameListTests;
				PRODUCT_NAME = "$(TARGET_NAME)";
				TARGETED_DEVICE_FAMILY = "1,2";
				TEST_HOST = "$(BUILT_PRODUCTS_DIR)/NameList.app/NameList";
			};
			name = Debug;
		};
		87F7B1B42082D27F00A0E3DD /* Release */ = {
			isa = XCBuildConfiguration;
			buildSettings = {
				BUNDLE_LOADER = "$(TEST_HOST)";
				CODE_SIGN_STYLE = Automatic;
				INFOPLIST_FILE = NameListTests/Info.plist;
				LD_RUNPATH_SEARCH_PATHS = "$(inherited) @executable_path/Frameworks @loader_path/Frameworks";
				PRODUCT_BUNDLE_IDENTIFIER = fhc.NameListTests;
				PRODUCT_NAME = "$(TARGET_NAME)";
				TARGETED_DEVICE_FAMILY = "1,2";
				TEST_HOST = "$(BUILT_PRODUCTS_DIR)/NameList.app/NameList";
			};
			name = Release;
		};
		87F7B1B62082D27F00A0E3DD /* Debug */ = {
			isa = XCBuildConfiguration;
			buildSettings = {
				CODE_SIGN_STYLE = Automatic;
				INFOPLIST_FILE = NameListUITests/Info.plist;
				LD_RUNPATH_SEARCH_PATHS = "$(inherited) @executable_path/Frameworks @loader_path/Frameworks";
				PRODUCT_BUNDLE_IDENTIFIER = fhc.NameListUITests;
				PRODUCT_NAME = "$(TARGET_NAME)";
				TARGETED_DEVICE_FAMILY = "1,2";
				TEST_TARGET_NAME = NameList;
			};
			name = Debug;
		};
		87F7B1B72082D27F00A0E3DD /* Release */ = {
			isa = XCBuildConfiguration;
			buildSettings = {
				CODE_SIGN_STYLE = Automatic;
				INFOPLIST_FILE = NameListUITests/Info.plist;
				LD_RUNPATH_SEARCH_PATHS = "$(inherited) @executable_path/Frameworks @loader_path/Frameworks";
				PRODUCT_BUNDLE_IDENTIFIER = fhc.NameListUITests;
				PRODUCT_NAME = "$(TARGET_NAME)";
				TARGETED_DEVICE_FAMILY = "1,2";
				TEST_TARGET_NAME = NameList;
			};
			name = Release;
		};
/* End XCBuildConfiguration section */

/* Begin XCConfigurationList section */
		87F7B17E2082D27E00A0E3DD /* Build configuration list for PBXProject "NameList" */ = {
			isa = XCConfigurationList;
			buildConfigurations = (
				87F7B1AD2082D27F00A0E3DD /* Debug */,
				87F7B1AE2082D27F00A0E3DD /* Release */,
			);
			defaultConfigurationIsVisible = 0;
			defaultConfigurationName = Release;
		};
		87F7B1AF2082D27F00A0E3DD /* Build configuration list for PBXNativeTarget "NameList" */ = {
			isa = XCConfigurationList;
			buildConfigurations = (
				87F7B1B02082D27F00A0E3DD /* Debug */,
				87F7B1B12082D27F00A0E3DD /* Release */,
			);
			defaultConfigurationIsVisible = 0;
			defaultConfigurationName = Release;
		};
		87F7B1B22082D27F00A0E3DD /* Build configuration list for PBXNativeTarget "NameListTests" */ = {
			isa = XCConfigurationList;
			buildConfigurations = (
				87F7B1B32082D27F00A0E3DD /* Debug */,
				87F7B1B42082D27F00A0E3DD /* Release */,
			);
			defaultConfigurationIsVisible = 0;
			defaultConfigurationName = Release;
		};
		87F7B1B52082D27F00A0E3DD /* Build configuration list for PBXNativeTarget "NameListUITests" */ = {
			isa = XCConfigurationList;
			buildConfigurations = (
				87F7B1B62082D27F00A0E3DD /* Debug */,
				87F7B1B72082D27F00A0E3DD /* Release */,
			);
			defaultConfigurationIsVisible = 0;
			defaultConfigurationName = Release;
		};
/* End XCConfigurationList section */
	};
	rootObject = 87F7B17B2082D27E00A0E3DD /* Project object */;
}
